
Microsoft Visual Studio Solution File, Format Version 12.00
# Visual Studio Version 16
VisualStudioVersion = 16.0.30309.148
MinimumVisualStudioVersion = 10.0.40219.1
Project("{888888A0-9F3D-457C-B088-3A5042F75D52}") = "vk_test", "vk_test\vk_test.pyproj", "{F449E20D-931B-4906-87CF-A9D9400BF9DB}"
EndProject
Global
	GlobalSection(SolutionConfigurationPlatforms) = preSolution
		Debug|Any CPU = Debug|Any CPU
		Release|Any CPU = Release|Any CPU
	EndGlobalSection
	GlobalSection(ProjectConfigurationPlatforms) = postSolution
		{F449E20D-931B-4906-87CF-A9D9400BF9DB}.Debug|Any CPU.ActiveCfg = Debug|Any CPU
		{F449E20D-931B-4906-87CF-A9D9400BF9DB}.Release|Any CPU.ActiveCfg = Release|Any CPU
	EndGlobalSection
	GlobalSection(SolutionProperties) = preSolution
		HideSolutionNode = FALSE
	EndGlobalSection
	GlobalSection(ExtensibilityGlobals) = postSolution
		SolutionGuid = {CB36D9FD-3808-48C8-88B3-A3A1A33174DB}
	EndGlobalSection
EndGlobal
